
Microsoft Visual Studio Solution File, Format Version 12.00
Project("{FAE04EC0-301F-11D3-BF4B-00C04F79EFBC}") = "AzureDiagrams", "AzureDiagrams\AzureDiagrams.csproj", "{14A836C1-11F2-49F4-846C-E50134CD86AA}"
EndProject
Project("{2150E333-8FDC-42A3-9474-1A3956D46DE8}") = ".github", ".github", "{0E6366E5-D9A9-40CE-A7E1-99AF5CD267CB}"
EndProject
Project("{2150E333-8FDC-42A3-9474-1A3956D46DE8}") = "workflows", "workflows", "{7D9F0244-632E-4566-B45F-5DE92AB6C31D}"
	ProjectSection(SolutionItems) = preProject
		.github\workflows\build.yaml = .github\workflows\build.yaml
	EndProjectSection
EndProject
Project("{2150E333-8FDC-42A3-9474-1A3956D46DE8}") = "SolutionItems", "SolutionItems", "{A17DDC52-23FE-42E3-A75B-ADF38FB362BA}"
	ProjectSection(SolutionItems) = preProject
		readme.md = readme.md
		GitVersion.yml = GitVersion.yml
	EndProjectSection
EndProject
Project("{2150E333-8FDC-42A3-9474-1A3956D46DE8}") = "Assets", "Assets", "{7A36B0C1-6505-4F1D-B064-207290E084DE}"
	ProjectSection(SolutionItems) = preProject
		assets\grfsq2-platform-test-rg.drawio.png = assets\grfsq2-platform-test-rg.drawio.png
		assets\more-complex.drawio.png = assets\more-complex.drawio.png
	EndProjectSection
EndProject
Global
	GlobalSection(SolutionConfigurationPlatforms) = preSolution
		Debug|Any CPU = Debug|Any CPU
		Release|Any CPU = Release|Any CPU
	EndGlobalSection
	GlobalSection(ProjectConfigurationPlatforms) = postSolution
		{14A836C1-11F2-49F4-846C-E50134CD86AA}.Debug|Any CPU.ActiveCfg = Debug|Any CPU
		{14A836C1-11F2-49F4-846C-E50134CD86AA}.Debug|Any CPU.Build.0 = Debug|Any CPU
		{14A836C1-11F2-49F4-846C-E50134CD86AA}.Release|Any CPU.ActiveCfg = Release|Any CPU
		{14A836C1-11F2-49F4-846C-E50134CD86AA}.Release|Any CPU.Build.0 = Release|Any CPU
	EndGlobalSection
	GlobalSection(NestedProjects) = preSolution
		{7D9F0244-632E-4566-B45F-5DE92AB6C31D} = {0E6366E5-D9A9-40CE-A7E1-99AF5CD267CB}
		{7A36B0C1-6505-4F1D-B064-207290E084DE} = {A17DDC52-23FE-42E3-A75B-ADF38FB362BA}
	EndGlobalSection
EndGlobal
